
Microsoft Visual Studio Solution File, Format Version 12.00
# Visual Studio Version 17
VisualStudioVersion = 17.11.35312.102
MinimumVisualStudioVersion = 10.0.40219.1
Project("{FAE04EC0-301F-11D3-BF4B-00C04F79EFBC}") = "Access modifiers part 2", "Access modifiers part 2\Access modifiers part 2.csproj", "{69012EA5-C871-4EF8-ACEA-38EAA6AC97E2}"
EndProject
Global
	GlobalSection(SolutionConfigurationPlatforms) = preSolution
		Debug|Any CPU = Debug|Any CPU
		Release|Any CPU = Release|Any CPU
	EndGlobalSection
	GlobalSection(ProjectConfigurationPlatforms) = postSolution
		{69012EA5-C871-4EF8-ACEA-38EAA6AC97E2}.Debug|Any CPU.ActiveCfg = Debug|Any CPU
		{69012EA5-C871-4EF8-ACEA-38EAA6AC97E2}.Debug|Any CPU.Build.0 = Debug|Any CPU
		{69012EA5-C871-4EF8-ACEA-38EAA6AC97E2}.Release|Any CPU.ActiveCfg = Release|Any CPU
		{69012EA5-C871-4EF8-ACEA-38EAA6AC97E2}.Release|Any CPU.Build.0 = Release|Any CPU
	EndGlobalSection
	GlobalSection(SolutionProperties) = preSolution
		HideSolutionNode = FALSE
	EndGlobalSection
	GlobalSection(ExtensibilityGlobals) = postSolution
		SolutionGuid = {6EF9CDA0-3A23-4E1F-95F2-BECEDB4F2104}
	EndGlobalSection
EndGlobal
